
Microsoft Visual Studio Solution File, Format Version 12.00
# Visual Studio 15
VisualStudioVersion = 15.0.27009.1
MinimumVisualStudioVersion = 10.0.40219.1
Project("{FAE04EC0-301F-11D3-BF4B-00C04F79EFBC}") = "imgpaste", "imgpaste\imgpaste.csproj", "{B97BED67-5538-43C3-A5B9-E278D81248E0}"
EndProject
Global
	GlobalSection(SolutionConfigurationPlatforms) = preSolution
		Debug|Any CPU = Debug|Any CPU
		Release|Any CPU = Release|Any CPU
	EndGlobalSection
	GlobalSection(ProjectConfigurationPlatforms) = postSolution
		{B97BED67-5538-43C3-A5B9-E278D81248E0}.Debug|Any CPU.ActiveCfg = Debug|Any CPU
		{B97BED67-5538-43C3-A5B9-E278D81248E0}.Debug|Any CPU.Build.0 = Debug|Any CPU
		{B97BED67-5538-43C3-A5B9-E278D81248E0}.Release|Any CPU.ActiveCfg = Release|Any CPU
		{B97BED67-5538-43C3-A5B9-E278D81248E0}.Release|Any CPU.Build.0 = Release|Any CPU
	EndGlobalSection
	GlobalSection(SolutionProperties) = preSolution
		HideSolutionNode = FALSE
	EndGlobalSection
	GlobalSection(ExtensibilityGlobals) = postSolution
		SolutionGuid = {E039A114-B8AA-404E-9434-A31A4DE40010}
	EndGlobalSection
EndGlobal
