
Microsoft Visual Studio Solution File, Format Version 12.00
# Visual Studio 15
VisualStudioVersion = 15.0.27009.1
MinimumVisualStudioVersion = 10.0.40219.1
Project("{FAE04EC0-301F-11D3-BF4B-00C04F79EFBC}") = "imgpaste", "imgpaste\imgpaste.csproj", "{B97BED67-5538-43C3-A5B9-E278D81248E0}"
EndProject
Project("{8BC9CEB8-8B4A-11D0-8D11-00A0C91BC942}") = "pbdebug", "pbdebug\pbdebug.vcxproj", "{F4B52BEC-D51D-4AF6-8393-42DF3889D4C7}"
EndProject
Global
	GlobalSection(SolutionConfigurationPlatforms) = preSolution
		Debug|Any CPU = Debug|Any CPU
		Debug|x64 = Debug|x64
		Debug|x86 = Debug|x86
		Release|Any CPU = Release|Any CPU
		Release|x64 = Release|x64
		Release|x86 = Release|x86
	EndGlobalSection
	GlobalSection(ProjectConfigurationPlatforms) = postSolution
		{B97BED67-5538-43C3-A5B9-E278D81248E0}.Debug|Any CPU.ActiveCfg = Debug|Any CPU
		{B97BED67-5538-43C3-A5B9-E278D81248E0}.Debug|Any CPU.Build.0 = Debug|Any CPU
		{B97BED67-5538-43C3-A5B9-E278D81248E0}.Debug|x64.ActiveCfg = Debug|Any CPU
		{B97BED67-5538-43C3-A5B9-E278D81248E0}.Debug|x64.Build.0 = Debug|Any CPU
		{B97BED67-5538-43C3-A5B9-E278D81248E0}.Debug|x86.ActiveCfg = Debug|Any CPU
		{B97BED67-5538-43C3-A5B9-E278D81248E0}.Debug|x86.Build.0 = Debug|Any CPU
		{B97BED67-5538-43C3-A5B9-E278D81248E0}.Release|Any CPU.ActiveCfg = Release|Any CPU
		{B97BED67-5538-43C3-A5B9-E278D81248E0}.Release|Any CPU.Build.0 = Release|Any CPU
		{B97BED67-5538-43C3-A5B9-E278D81248E0}.Release|x64.ActiveCfg = Release|Any CPU
		{B97BED67-5538-43C3-A5B9-E278D81248E0}.Release|x64.Build.0 = Release|Any CPU
		{B97BED67-5538-43C3-A5B9-E278D81248E0}.Release|x86.ActiveCfg = Release|Any CPU
		{B97BED67-5538-43C3-A5B9-E278D81248E0}.Release|x86.Build.0 = Release|Any CPU
		{F4B52BEC-D51D-4AF6-8393-42DF3889D4C7}.Debug|Any CPU.ActiveCfg = Debug|Win32
		{F4B52BEC-D51D-4AF6-8393-42DF3889D4C7}.Debug|Any CPU.Build.0 = Debug|Win32
		{F4B52BEC-D51D-4AF6-8393-42DF3889D4C7}.Debug|x64.ActiveCfg = Debug|x64
		{F4B52BEC-D51D-4AF6-8393-42DF3889D4C7}.Debug|x64.Build.0 = Debug|x64
		{F4B52BEC-D51D-4AF6-8393-42DF3889D4C7}.Debug|x86.ActiveCfg = Debug|Win32
		{F4B52BEC-D51D-4AF6-8393-42DF3889D4C7}.Debug|x86.Build.0 = Debug|Win32
		{F4B52BEC-D51D-4AF6-8393-42DF3889D4C7}.Release|Any CPU.ActiveCfg = Release|Win32
		{F4B52BEC-D51D-4AF6-8393-42DF3889D4C7}.Release|x64.ActiveCfg = Release|x64
		{F4B52BEC-D51D-4AF6-8393-42DF3889D4C7}.Release|x64.Build.0 = Release|x64
		{F4B52BEC-D51D-4AF6-8393-42DF3889D4C7}.Release|x86.ActiveCfg = Release|Win32
		{F4B52BEC-D51D-4AF6-8393-42DF3889D4C7}.Release|x86.Build.0 = Release|Win32
	EndGlobalSection
	GlobalSection(SolutionProperties) = preSolution
		HideSolutionNode = FALSE
	EndGlobalSection
	GlobalSection(ExtensibilityGlobals) = postSolution
		SolutionGuid = {E039A114-B8AA-404E-9434-A31A4DE40010}
	EndGlobalSection
EndGlobal
